
Microsoft Visual Studio Solution File, Format Version 12.00
# Visual Studio 15
VisualStudioVersion = 15.0.27130.2027
MinimumVisualStudioVersion = 10.0.40219.1
Project("{FAE04EC0-301F-11D3-BF4B-00C04F79EFBC}") = "WebApplication7", "WebApplication7\WebApplication7.csproj", "{DA0B539B-A3C0-4613-9579-43FD5149E56D}"
EndProject
Global
	GlobalSection(SolutionConfigurationPlatforms) = preSolution
		Debug|Any CPU = Debug|Any CPU
		Release|Any CPU = Release|Any CPU
	EndGlobalSection
	GlobalSection(ProjectConfigurationPlatforms) = postSolution
		{DA0B539B-A3C0-4613-9579-43FD5149E56D}.Debug|Any CPU.ActiveCfg = Debug|Any CPU
		{DA0B539B-A3C0-4613-9579-43FD5149E56D}.Debug|Any CPU.Build.0 = Debug|Any CPU
		{DA0B539B-A3C0-4613-9579-43FD5149E56D}.Release|Any CPU.ActiveCfg = Release|Any CPU
		{DA0B539B-A3C0-4613-9579-43FD5149E56D}.Release|Any CPU.Build.0 = Release|Any CPU
	EndGlobalSection
	GlobalSection(SolutionProperties) = preSolution
		HideSolutionNode = FALSE
	EndGlobalSection
	GlobalSection(ExtensibilityGlobals) = postSolution
		SolutionGuid = {157236BB-DA56-4B1B-BD3E-2E926E27A0B0}
	EndGlobalSection
EndGlobal
